
Microsoft Visual Studio Solution File, Format Version 12.00
# Visual Studio Version 17
VisualStudioVersion = 17.14.36202.13 d17.14
MinimumVisualStudioVersion = 10.0.40219.1
Project("{FAE04EC0-301F-11D3-BF4B-00C04F79EFBC}") = "ConceptsPOO", "ConceptsPOO\ConceptsPOO.csproj", "{DD4553A8-6A6C-4D94-B78A-141C8150DB11}"
EndProject
Global
	GlobalSection(SolutionConfigurationPlatforms) = preSolution
		Debug|Any CPU = Debug|Any CPU
		Release|Any CPU = Release|Any CPU
	EndGlobalSection
	GlobalSection(ProjectConfigurationPlatforms) = postSolution
		{DD4553A8-6A6C-4D94-B78A-141C8150DB11}.Debug|Any CPU.ActiveCfg = Debug|Any CPU
		{DD4553A8-6A6C-4D94-B78A-141C8150DB11}.Debug|Any CPU.Build.0 = Debug|Any CPU
		{DD4553A8-6A6C-4D94-B78A-141C8150DB11}.Release|Any CPU.ActiveCfg = Release|Any CPU
		{DD4553A8-6A6C-4D94-B78A-141C8150DB11}.Release|Any CPU.Build.0 = Release|Any CPU
	EndGlobalSection
	GlobalSection(SolutionProperties) = preSolution
		HideSolutionNode = FALSE
	EndGlobalSection
	GlobalSection(ExtensibilityGlobals) = postSolution
		SolutionGuid = {BF2A73AC-A749-4281-B682-C806A470A48C}
	EndGlobalSection
EndGlobal
